
Microsoft Visual Studio Solution File, Format Version 12.00
# Visual Studio Version 16
VisualStudioVersion = 16.0.28714.193
MinimumVisualStudioVersion = 10.0.40219.1
Project("{9A19103F-16F7-4668-BE54-9A1E7A4F7556}") = "MachineService", "MachineService\MachineService.csproj", "{21C1E27B-CFE5-437E-87C1-66B260139811}"
EndProject
Project("{2150E333-8FDC-42A3-9474-1A3956D46DE8}") = "Services", "Services", "{DA2FCF6F-C669-4C23-AD47-F3ED5B4BDDBE}"
EndProject
Project("{2150E333-8FDC-42A3-9474-1A3956D46DE8}") = "Framework", "Framework", "{36377E00-3588-4077-A59F-51D5D468A450}"
EndProject
Project("{9A19103F-16F7-4668-BE54-9A1E7A4F7556}") = "Caching", "Framework\Caching\Caching.csproj", "{1A646228-571C-45E8-BDC8-B9938C8BE749}"
EndProject
Project("{9A19103F-16F7-4668-BE54-9A1E7A4F7556}") = "Caching.Memory", "Framework\Caching.Memory\Caching.Memory.csproj", "{B3FBE715-A4EE-4C4A-8632-2AA2443EF4C6}"
EndProject
Project("{9A19103F-16F7-4668-BE54-9A1E7A4F7556}") = "Caching.Redis", "Framework\Caching.Redis\Caching.Redis.csproj", "{351134A0-65BE-490E-81DB-0A2D583E539A}"
EndProject
Project("{9A19103F-16F7-4668-BE54-9A1E7A4F7556}") = "EventBus", "Framework\EventBus\EventBus.csproj", "{B88398FD-8083-4B5D-9E68-C7D68AC345A8}"
EndProject
Project("{9A19103F-16F7-4668-BE54-9A1E7A4F7556}") = "EventBus.RabbitMQ", "Framework\EventBus.RabbitMQ\EventBus.RabbitMQ.csproj", "{5D947F04-8855-4333-BB0D-9E1127E18579}"
EndProject
Project("{9A19103F-16F7-4668-BE54-9A1E7A4F7556}") = "Extensions", "Framework\Extensions\Extensions.csproj", "{01EF0043-AAC9-4755-B580-7AFB42669527}"
EndProject
Project("{9A19103F-16F7-4668-BE54-9A1E7A4F7556}") = "Logging", "Framework\Logging\Logging.csproj", "{C82CC6DF-AE6E-47E3-822F-102806329278}"
EndProject
Project("{9A19103F-16F7-4668-BE54-9A1E7A4F7556}") = "Logging.NLog.Impl.Castle", "Framework\Logging.NLog.Impl.Castle\Logging.NLog.Impl.Castle.csproj", "{F1D918F4-D334-4972-8BE9-8E385F785FAD}"
EndProject
Project("{2150E333-8FDC-42A3-9474-1A3956D46DE8}") = "Shared", "Shared", "{D3A57D1F-6929-4CC7-BCD8-1643A501B3A1}"
EndProject
Project("{9A19103F-16F7-4668-BE54-9A1E7A4F7556}") = "Models", "Models\Models.csproj", "{90C6A7D6-D1E0-439E-9839-B1528C432BCB}"
EndProject
Project("{9A19103F-16F7-4668-BE54-9A1E7A4F7556}") = "MachineSqlDataService", "MachineSqlDataService\MachineSqlDataService.csproj", "{D11BBD14-C7C8-4AAD-85B9-B5079C59971A}"
EndProject
Global
	GlobalSection(SolutionConfigurationPlatforms) = preSolution
		Debug|Any CPU = Debug|Any CPU
		Release|Any CPU = Release|Any CPU
	EndGlobalSection
	GlobalSection(ProjectConfigurationPlatforms) = postSolution
		{21C1E27B-CFE5-437E-87C1-66B260139811}.Debug|Any CPU.ActiveCfg = Debug|Any CPU
		{21C1E27B-CFE5-437E-87C1-66B260139811}.Debug|Any CPU.Build.0 = Debug|Any CPU
		{21C1E27B-CFE5-437E-87C1-66B260139811}.Release|Any CPU.ActiveCfg = Release|Any CPU
		{21C1E27B-CFE5-437E-87C1-66B260139811}.Release|Any CPU.Build.0 = Release|Any CPU
		{1A646228-571C-45E8-BDC8-B9938C8BE749}.Debug|Any CPU.ActiveCfg = Debug|Any CPU
		{1A646228-571C-45E8-BDC8-B9938C8BE749}.Debug|Any CPU.Build.0 = Debug|Any CPU
		{1A646228-571C-45E8-BDC8-B9938C8BE749}.Release|Any CPU.ActiveCfg = Release|Any CPU
		{1A646228-571C-45E8-BDC8-B9938C8BE749}.Release|Any CPU.Build.0 = Release|Any CPU
		{B3FBE715-A4EE-4C4A-8632-2AA2443EF4C6}.Debug|Any CPU.ActiveCfg = Debug|Any CPU
		{B3FBE715-A4EE-4C4A-8632-2AA2443EF4C6}.Debug|Any CPU.Build.0 = Debug|Any CPU
		{B3FBE715-A4EE-4C4A-8632-2AA2443EF4C6}.Release|Any CPU.ActiveCfg = Release|Any CPU
		{B3FBE715-A4EE-4C4A-8632-2AA2443EF4C6}.Release|Any CPU.Build.0 = Release|Any CPU
		{351134A0-65BE-490E-81DB-0A2D583E539A}.Debug|Any CPU.ActiveCfg = Debug|Any CPU
		{351134A0-65BE-490E-81DB-0A2D583E539A}.Debug|Any CPU.Build.0 = Debug|Any CPU
		{351134A0-65BE-490E-81DB-0A2D583E539A}.Release|Any CPU.ActiveCfg = Release|Any CPU
		{351134A0-65BE-490E-81DB-0A2D583E539A}.Release|Any CPU.Build.0 = Release|Any CPU
		{B88398FD-8083-4B5D-9E68-C7D68AC345A8}.Debug|Any CPU.ActiveCfg = Debug|Any CPU
		{B88398FD-8083-4B5D-9E68-C7D68AC345A8}.Debug|Any CPU.Build.0 = Debug|Any CPU
		{B88398FD-8083-4B5D-9E68-C7D68AC345A8}.Release|Any CPU.ActiveCfg = Release|Any CPU
		{B88398FD-8083-4B5D-9E68-C7D68AC345A8}.Release|Any CPU.Build.0 = Release|Any CPU
		{5D947F04-8855-4333-BB0D-9E1127E18579}.Debug|Any CPU.ActiveCfg = Debug|Any CPU
		{5D947F04-8855-4333-BB0D-9E1127E18579}.Debug|Any CPU.Build.0 = Debug|Any CPU
		{5D947F04-8855-4333-BB0D-9E1127E18579}.Release|Any CPU.ActiveCfg = Release|Any CPU
		{5D947F04-8855-4333-BB0D-9E1127E18579}.Release|Any CPU.Build.0 = Release|Any CPU
		{01EF0043-AAC9-4755-B580-7AFB42669527}.Debug|Any CPU.ActiveCfg = Debug|Any CPU
		{01EF0043-AAC9-4755-B580-7AFB42669527}.Debug|Any CPU.Build.0 = Debug|Any CPU
		{01EF0043-AAC9-4755-B580-7AFB42669527}.Release|Any CPU.ActiveCfg = Release|Any CPU
		{01EF0043-AAC9-4755-B580-7AFB42669527}.Release|Any CPU.Build.0 = Release|Any CPU
		{C82CC6DF-AE6E-47E3-822F-102806329278}.Debug|Any CPU.ActiveCfg = Debug|Any CPU
		{C82CC6DF-AE6E-47E3-822F-102806329278}.Debug|Any CPU.Build.0 = Debug|Any CPU
		{C82CC6DF-AE6E-47E3-822F-102806329278}.Release|Any CPU.ActiveCfg = Release|Any CPU
		{C82CC6DF-AE6E-47E3-822F-102806329278}.Release|Any CPU.Build.0 = Release|Any CPU
		{F1D918F4-D334-4972-8BE9-8E385F785FAD}.Debug|Any CPU.ActiveCfg = Debug|Any CPU
		{F1D918F4-D334-4972-8BE9-8E385F785FAD}.Debug|Any CPU.Build.0 = Debug|Any CPU
		{F1D918F4-D334-4972-8BE9-8E385F785FAD}.Release|Any CPU.ActiveCfg = Release|Any CPU
		{F1D918F4-D334-4972-8BE9-8E385F785FAD}.Release|Any CPU.Build.0 = Release|Any CPU
		{90C6A7D6-D1E0-439E-9839-B1528C432BCB}.Debug|Any CPU.ActiveCfg = Debug|Any CPU
		{90C6A7D6-D1E0-439E-9839-B1528C432BCB}.Debug|Any CPU.Build.0 = Debug|Any CPU
		{90C6A7D6-D1E0-439E-9839-B1528C432BCB}.Release|Any CPU.ActiveCfg = Release|Any CPU
		{90C6A7D6-D1E0-439E-9839-B1528C432BCB}.Release|Any CPU.Build.0 = Release|Any CPU
		{D11BBD14-C7C8-4AAD-85B9-B5079C59971A}.Debug|Any CPU.ActiveCfg = Debug|Any CPU
		{D11BBD14-C7C8-4AAD-85B9-B5079C59971A}.Debug|Any CPU.Build.0 = Debug|Any CPU
		{D11BBD14-C7C8-4AAD-85B9-B5079C59971A}.Release|Any CPU.ActiveCfg = Release|Any CPU
		{D11BBD14-C7C8-4AAD-85B9-B5079C59971A}.Release|Any CPU.Build.0 = Release|Any CPU
	EndGlobalSection
	GlobalSection(SolutionProperties) = preSolution
		HideSolutionNode = FALSE
	EndGlobalSection
	GlobalSection(NestedProjects) = preSolution
		{21C1E27B-CFE5-437E-87C1-66B260139811} = {DA2FCF6F-C669-4C23-AD47-F3ED5B4BDDBE}
		{1A646228-571C-45E8-BDC8-B9938C8BE749} = {36377E00-3588-4077-A59F-51D5D468A450}
		{B3FBE715-A4EE-4C4A-8632-2AA2443EF4C6} = {36377E00-3588-4077-A59F-51D5D468A450}
		{351134A0-65BE-490E-81DB-0A2D583E539A} = {36377E00-3588-4077-A59F-51D5D468A450}
		{B88398FD-8083-4B5D-9E68-C7D68AC345A8} = {36377E00-3588-4077-A59F-51D5D468A450}
		{5D947F04-8855-4333-BB0D-9E1127E18579} = {36377E00-3588-4077-A59F-51D5D468A450}
		{01EF0043-AAC9-4755-B580-7AFB42669527} = {36377E00-3588-4077-A59F-51D5D468A450}
		{C82CC6DF-AE6E-47E3-822F-102806329278} = {36377E00-3588-4077-A59F-51D5D468A450}
		{F1D918F4-D334-4972-8BE9-8E385F785FAD} = {36377E00-3588-4077-A59F-51D5D468A450}
		{90C6A7D6-D1E0-439E-9839-B1528C432BCB} = {D3A57D1F-6929-4CC7-BCD8-1643A501B3A1}
		{D11BBD14-C7C8-4AAD-85B9-B5079C59971A} = {DA2FCF6F-C669-4C23-AD47-F3ED5B4BDDBE}
	EndGlobalSection
	GlobalSection(ExtensibilityGlobals) = postSolution
		SolutionGuid = {9BD7057F-55FC-4BEC-B47A-A5794EC3C444}
	EndGlobalSection
EndGlobal
